
Microsoft Visual Studio Solution File, Format Version 12.00
# Visual Studio Version 17
VisualStudioVersion = 17.2.32630.192
MinimumVisualStudioVersion = 10.0.40219.1
Project("{FAE04EC0-301F-11D3-BF4B-00C04F79EFBC}") = "ca_basics", "ca_basics.csproj", "{3E8DC1DA-8BFA-4958-93DC-B46945798A1D}"
EndProject
Global
	GlobalSection(SolutionConfigurationPlatforms) = preSolution
		Debug|Any CPU = Debug|Any CPU
		Release|Any CPU = Release|Any CPU
	EndGlobalSection
	GlobalSection(ProjectConfigurationPlatforms) = postSolution
		{3E8DC1DA-8BFA-4958-93DC-B46945798A1D}.Debug|Any CPU.ActiveCfg = Debug|Any CPU
		{3E8DC1DA-8BFA-4958-93DC-B46945798A1D}.Debug|Any CPU.Build.0 = Debug|Any CPU
		{3E8DC1DA-8BFA-4958-93DC-B46945798A1D}.Release|Any CPU.ActiveCfg = Release|Any CPU
		{3E8DC1DA-8BFA-4958-93DC-B46945798A1D}.Release|Any CPU.Build.0 = Release|Any CPU
	EndGlobalSection
	GlobalSection(SolutionProperties) = preSolution
		HideSolutionNode = FALSE
	EndGlobalSection
	GlobalSection(ExtensibilityGlobals) = postSolution
		SolutionGuid = {181FBF42-0ED2-4C0B-BBEE-10425BDA0A74}
	EndGlobalSection
EndGlobal
