
Microsoft Visual Studio Solution File, Format Version 12.00
# Visual Studio Version 17
VisualStudioVersion = 17.2.32630.192
MinimumVisualStudioVersion = 10.0.40219.1
Project("{9A19103F-16F7-4668-BE54-9A1E7A4F7556}") = "ca-dealing-with-static", "StaticTest\ca-dealing-with-static.csproj", "{83483CB4-BA64-447C-A471-A8099B9F92C8}"
EndProject
Project("{9A19103F-16F7-4668-BE54-9A1E7A4F7556}") = "ca-pass-by-value-reference", "ca-pass-by-value-reference\ca-pass-by-value-reference.csproj", "{816B53F8-5A38-47DE-9637-E394C3C7D954}"
EndProject
Project("{9A19103F-16F7-4668-BE54-9A1E7A4F7556}") = "ca-ref-out-in", "ca-ref-out-in\ca-ref-out-in.csproj", "{8DF26968-0A3C-4C43-9663-4DA6CB43A3F6}"
EndProject
Project("{FAE04EC0-301F-11D3-BF4B-00C04F79EFBC}") = "ca-yield-return", "ca-yield-return\ca-yield-return.csproj", "{8674035E-462A-4DF5-98CF-9923F649DCA2}"
EndProject
Global
	GlobalSection(SolutionConfigurationPlatforms) = preSolution
		Debug|Any CPU = Debug|Any CPU
		Release|Any CPU = Release|Any CPU
	EndGlobalSection
	GlobalSection(ProjectConfigurationPlatforms) = postSolution
		{83483CB4-BA64-447C-A471-A8099B9F92C8}.Debug|Any CPU.ActiveCfg = Debug|Any CPU
		{83483CB4-BA64-447C-A471-A8099B9F92C8}.Debug|Any CPU.Build.0 = Debug|Any CPU
		{83483CB4-BA64-447C-A471-A8099B9F92C8}.Release|Any CPU.ActiveCfg = Release|Any CPU
		{83483CB4-BA64-447C-A471-A8099B9F92C8}.Release|Any CPU.Build.0 = Release|Any CPU
		{816B53F8-5A38-47DE-9637-E394C3C7D954}.Debug|Any CPU.ActiveCfg = Debug|Any CPU
		{816B53F8-5A38-47DE-9637-E394C3C7D954}.Debug|Any CPU.Build.0 = Debug|Any CPU
		{816B53F8-5A38-47DE-9637-E394C3C7D954}.Release|Any CPU.ActiveCfg = Release|Any CPU
		{816B53F8-5A38-47DE-9637-E394C3C7D954}.Release|Any CPU.Build.0 = Release|Any CPU
		{8DF26968-0A3C-4C43-9663-4DA6CB43A3F6}.Debug|Any CPU.ActiveCfg = Debug|Any CPU
		{8DF26968-0A3C-4C43-9663-4DA6CB43A3F6}.Debug|Any CPU.Build.0 = Debug|Any CPU
		{8DF26968-0A3C-4C43-9663-4DA6CB43A3F6}.Release|Any CPU.ActiveCfg = Release|Any CPU
		{8DF26968-0A3C-4C43-9663-4DA6CB43A3F6}.Release|Any CPU.Build.0 = Release|Any CPU
		{8674035E-462A-4DF5-98CF-9923F649DCA2}.Debug|Any CPU.ActiveCfg = Debug|Any CPU
		{8674035E-462A-4DF5-98CF-9923F649DCA2}.Debug|Any CPU.Build.0 = Debug|Any CPU
		{8674035E-462A-4DF5-98CF-9923F649DCA2}.Release|Any CPU.ActiveCfg = Release|Any CPU
		{8674035E-462A-4DF5-98CF-9923F649DCA2}.Release|Any CPU.Build.0 = Release|Any CPU
	EndGlobalSection
	GlobalSection(SolutionProperties) = preSolution
		HideSolutionNode = FALSE
	EndGlobalSection
	GlobalSection(ExtensibilityGlobals) = postSolution
		SolutionGuid = {181FBF42-0ED2-4C0B-BBEE-10425BDA0A74}
	EndGlobalSection
EndGlobal
